lockfileVersion: '6.0'

dependencies:
  '@folder/xdg':
    specifier: ^3.1.2
    version: 3.1.2
  '@types/node':
    specifier: ^20.4.2
    version: 20.4.2
  dayjs:
    specifier: ^1.11.9
    version: 1.11.9
  image-downloader:
    specifier: ^4.3.0
    version: 4.3.0

packages:
  /@folder/xdg@3.1.2:
    resolution:
      {
        integrity: sha512-UYggiBtbjNRKacNePRebVB3RI8E5zXRmFM9DQENhLXTL4nTPH+mZ8yts5Q7jXhuSoHUsmiw479r2yHMFCPtmKA==,
      }
    engines: {node: '>=10'}
    dependencies:
      write: 2.0.0
    dev: false

  /@types/node@20.4.2:
    resolution:
      {
        integrity: sha512-Dd0BYtWgnWJKwO1jkmTrzofjK2QXXcai0dmtzvIBhcA+RsG5h8R3xlyta0kGOZRNfL9GuRtb1knmPEhQrePCEw==,
      }
    dev: false

  /add-filename-increment@1.0.0:
    resolution:
      {
        integrity: sha512-pFV8VZX8jxuVMIycKvGZkWF/ihnUubu9lbQVnOnZWp7noVxbKQTNj7zG2y9fXdPcuZ6lAN3Drr517HaivGCjdQ==,
      }
    engines: {node: '>=8'}
    dependencies:
      strip-filename-increment: 2.0.1
    dev: false

  /dayjs@1.11.9:
    resolution:
      {
        integrity: sha512-QvzAURSbQ0pKdIye2txOzNaHmxtUBXerpY0FJsFXUMKbIZeFm5ht1LS/jFsrncjnmtv8HsG0W2g6c0zUjZWmpA==,
      }
    dev: false

  /follow-redirects@1.15.2:
    resolution:
      {
        integrity: sha512-VQLG33o04KaQ8uYi2tVNbdrWp1QWxNNea+nmIB4EVM28v0hmP17z7aG1+wAkNzVq4KeXTq3221ye5qTJP91JwA==,
      }
    engines: {node: '>=4.0'}
    peerDependencies:
      debug: '*'
    peerDependenciesMeta:
      debug:
        optional: true
    dev: false

  /image-downloader@4.3.0:
    resolution:
      {
        integrity: sha512-UBioN0E+8zu8N0lLC6wkZmPA/MA1A3yx9B1whjy5O/YiOV9XrSxLLKi7JqLLj6knQ3n9N1OBoHFS7shp8sehBQ==,
      }
    engines: {node: '>=6.10.1'}
    dependencies:
      follow-redirects: 1.15.2
    transitivePeerDependencies:
      - debug
    dev: false

  /strip-filename-increment@2.0.1:
    resolution:
      {
        integrity: sha512-+v5xsiTTsdYqkPj7qz1zlngIsjZedhHDi3xp/9bMurV8kXe9DAr732gNVqtt4X8sI3hOqS3nlFfps5gyVcux6w==,
      }
    engines: {node: '>=8'}
    dev: false

  /write@2.0.0:
    resolution:
      {
        integrity: sha512-yam9TAqN8sAZokECAejo9HpT2j2s39OgK8i8yxadrFBVo+iSWLfnipRVFulfAw1d2dz5vSuGmlMHYRKG4fysOA==,
      }
    engines: {node: '>=10'}
    dependencies:
      add-filename-increment: 1.0.0
    dev: false
